// !$*UTF8*$!
{
	archiveVersion = 1;
	classes = {
	};
	objectVersion = 46;
	objects = {

/* Begin PBXBuildFile section */
		656F30081A83209400B28672 /* Slot.swift in Sources */ = {isa = PBXBuildFile; fileRef = 656F30071A83209400B28672 /* Slot.swift */; };
		656F300A1A83216F00B28672 /* Factory.swift in Sources */ = {isa = PBXBuildFile; fileRef = 656F30091A83216F00B28672 /* Factory.swift */; };
		656F300C1A83341900B28672 /* SlotBrain.swift in Sources */ = {isa = PBXBuildFile; fileRef = 656F300B1A83341900B28672 /* SlotBrain.swift */; };
		65F4AF8B1A81C16B00947595 /* AppDelegate.swift in Sources */ = {isa = PBXBuildFile; fileRef = 65F4AF8A1A81C16B00947595 /* AppDelegate.swift */; };
		65F4AF8D1A81C16B00947595 /* ViewController.swift in Sources */ = {isa = PBXBuildFile; fileRef = 65F4AF8C1A81C16B00947595 /* ViewController.swift */; };
		65F4AF901A81C16B00947595 /* Main.storyboard in Resources */ = {isa = PBXBuildFile; fileRef = 65F4AF8E1A81C16B00947595 /* Main.storyboard */; };
		65F4AF921A81C16B00947595 /* Images.xcassets in Resources */ = {isa = PBXBuildFile; fileRef = 65F4AF911A81C16B00947595 /* Images.xcassets */; };
		65F4AF951A81C16B00947595 /* LaunchScreen.xib in Resources */ = {isa = PBXBuildFile; fileRef = 65F4AF931A81C16B00947595 /* LaunchScreen.xib */; };
		65F4AFA11A81C16B00947595 /* SlotMachineTests.swift in Sources */ = {isa = PBXBuildFile; fileRef = 65F4AFA01A81C16B00947595 /* SlotMachineTests.swift */; };
/* End PBXBuildFile section */

/* Begin PBXContainerItemProxy section */
		65F4AF9B1A81C16B00947595 /* PBXContainerItemProxy */ = {
			isa = PBXContainerItemProxy;
			containerPortal = 65F4AF7D1A81C16B00947595 /* Project object */;
			proxyType = 1;
			remoteGlobalIDString = 65F4AF841A81C16B00947595;
			remoteInfo = SlotMachine;
		};
/* End PBXContainerItemProxy section */

/* Begin PBXFileReference section */
		656F30071A83209400B28672 /* Slot.swift */ = {isa = PBXFileReference; fileEncoding = 4; lastKnownFileType = sourcecode.swift; path = Slot.swift; sourceTree = "<group>"; };
		656F30091A83216F00B28672 /* Factory.swift */ = {isa = PBXFileReference; fileEncoding = 4; lastKnownFileType = sourcecode.swift; path = Factory.swift; sourceTree = "<group>"; };
		656F300B1A83341900B28672 /* SlotBrain.swift */ = {isa = PBXFileReference; fileEncoding = 4; lastKnownFileType = sourcecode.swift; name = SlotBrain.swift; path = ../SlotBrain.swift; sourceTree = "<group>"; };
		65F4AF851A81C16B00947595 /* SlotMachine.app */ = {isa = PBXFileReference; explicitFileType = wrapper.application; includeInIndex = 0; path = SlotMachine.app; sourceTree = BUILT_PRODUCTS_DIR; };
		65F4AF891A81C16B00947595 /* Info.plist */ = {isa = PBXFileReference; lastKnownFileType = text.plist.xml; path = Info.plist; sourceTree = "<group>"; };
		65F4AF8A1A81C16B00947595 /* AppDelegate.swift */ = {isa = PBXFileReference; lastKnownFileType = sourcecode.swift; path = AppDelegate.swift; sourceTree = "<group>"; };
		65F4AF8C1A81C16B00947595 /* ViewController.swift */ = {isa = PBXFileReference; lastKnownFileType = sourcecode.swift; path = ViewController.swift; sourceTree = "<group>"; };
		65F4AF8F1A81C16B00947595 /* Base */ = {isa = PBXFileReference; lastKnownFileType = file.storyboard; name = Base; path = Base.lproj/Main.storyboard; sourceTree = "<group>"; };
		65F4AF911A81C16B00947595 /* Images.xcassets */ = {isa = PBXFileReference; lastKnownFileType = folder.assetcatalog; path = Images.xcassets; sourceTree = "<group>"; };
		65F4AF941A81C16B00947595 /* Base */ = {isa = PBXFileReference; lastKnownFileType = file.xib; name = Base; path = Base.lproj/LaunchScreen.xib; sourceTree = "<group>"; };
		65F4AF9A1A81C16B00947595 /* SlotMachineTests.xctest */ = {isa = PBXFileReference; explicitFileType = wrapper.cfbundle; includeInIndex = 0; path = SlotMachineTests.xctest; sourceTree = BUILT_PRODUCTS_DIR; };
		65F4AF9F1A81C16B00947595 /* Info.plist */ = {isa = PBXFileReference; lastKnownFileType = text.plist.xml; path = Info.plist; sourceTree = "<group>"; };
		65F4AFA01A81C16B00947595 /* SlotMachineTests.swift */ = {isa = PBXFileReference; lastKnownFileType = sourcecode.swift; path = SlotMachineTests.swift; sourceTree = "<group>"; };
/* End PBXFileReference section */

/* Begin PBXFrameworksBuildPhase section */
		65F4AF821A81C16B00947595 /* Frameworks */ = {
			isa = PBXFrameworksBuildPhase;
			buildActionMask = 2147483647;
			files = (
			);
			runOnlyForDeploymentPostprocessing = 0;
		};
		65F4AF971A81C16B00947595 /* Frameworks */ = {
			isa = PBXFrameworksBuildPhase;
			buildActionMask = 2147483647;
			files = (
			);
			runOnlyForDeploymentPostprocessing = 0;
		};
/* End PBXFrameworksBuildPhase section */

/* Begin PBXGroup section */
		65F4AF7C1A81C16B00947595 = {
			isa = PBXGroup;
			children = (
				65F4AF871A81C16B00947595 /* SlotMachine */,
				65F4AF9D1A81C16B00947595 /* SlotMachineTests */,
				65F4AF861A81C16B00947595 /* Products */,
			);
			sourceTree = "<group>";
		};
		65F4AF861A81C16B00947595 /* Products */ = {
			isa = PBXGroup;
			children = (
				65F4AF851A81C16B00947595 /* SlotMachine.app */,
				65F4AF9A1A81C16B00947595 /* SlotMachineTests.xctest */,
			);
			name = Products;
			sourceTree = "<group>";
		};
		65F4AF871A81C16B00947595 /* SlotMachine */ = {
			isa = PBXGroup;
			children = (
				656F300B1A83341900B28672 /* SlotBrain.swift */,
				65F4AF8A1A81C16B00947595 /* AppDelegate.swift */,
				65F4AF8C1A81C16B00947595 /* ViewController.swift */,
				65F4AF8E1A81C16B00947595 /* Main.storyboard */,
				65F4AF911A81C16B00947595 /* Images.xcassets */,
				65F4AF931A81C16B00947595 /* LaunchScreen.xib */,
				65F4AF881A81C16B00947595 /* Supporting Files */,
				656F30071A83209400B28672 /* Slot.swift */,
				656F30091A83216F00B28672 /* Factory.swift */,
			);
			path = SlotMachine;
			sourceTree = "<group>";
		};
		65F4AF881A81C16B00947595 /* Supporting Files */ = {
			isa = PBXGroup;
			children = (
				65F4AF891A81C16B00947595 /* Info.plist */,
			);
			name = "Supporting Files";
			sourceTree = "<group>";
		};
		65F4AF9D1A81C16B00947595 /* SlotMachineTests */ = {
			isa = PBXGroup;
			children = (
				65F4AFA01A81C16B00947595 /* SlotMachineTests.swift */,
				65F4AF9E1A81C16B00947595 /* Supporting Files */,
			);
			path = SlotMachineTests;
			sourceTree = "<group>";
		};
		65F4AF9E1A81C16B00947595 /* Supporting Files */ = {
			isa = PBXGroup;
			children = (
				65F4AF9F1A81C16B00947595 /* Info.plist */,
			);
			name = "Supporting Files";
			sourceTree = "<group>";
		};
/* End PBXGroup section */

/* Begin PBXNativeTarget section */
		65F4AF841A81C16B00947595 /* SlotMachine */ = {
			isa = PBXNativeTarget;
			buildConfigurationList = 65F4AFA41A81C16B00947595 /* Build configuration list for PBXNativeTarget "SlotMachine" */;
			buildPhases = (
				65F4AF811A81C16B00947595 /* Sources */,
				65F4AF821A81C16B00947595 /* Frameworks */,
				65F4AF831A81C16B00947595 /* Resources */,
			);
			buildRules = (
			);
			dependencies = (
			);
			name = SlotMachine;
			productName = SlotMachine;
			productReference = 65F4AF851A81C16B00947595 /* SlotMachine.app */;
			productType = "com.apple.product-type.application";
		};
		65F4AF991A81C16B00947595 /* SlotMachineTests */ = {
			isa = PBXNativeTarget;
			buildConfigurationList = 65F4AFA71A81C16B00947595 /* Build configuration list for PBXNativeTarget "SlotMachineTests" */;
			buildPhases = (
				65F4AF961A81C16B00947595 /* Sources */,
				65F4AF971A81C16B00947595 /* Frameworks */,
				65F4AF981A81C16B00947595 /* Resources */,
			);
			buildRules = (
			);
			dependencies = (
				65F4AF9C1A81C16B00947595 /* PBXTargetDependency */,
			);
			name = SlotMachineTests;
			productName = SlotMachineTests;
			productReference = 65F4AF9A1A81C16B00947595 /* SlotMachineTests.xctest */;
			productType = "com.apple.product-type.bundle.unit-test";
		};
/* End PBXNativeTarget section */

/* Begin PBXProject section */
		65F4AF7D1A81C16B00947595 /* Project object */ = {
			isa = PBXProject;
			attributes = {
				LastUpgradeCheck = 0610;
				ORGANIZATIONNAME = "Derek Harris";
				TargetAttributes = {
					65F4AF841A81C16B00947595 = {
						CreatedOnToolsVersion = 6.1.1;
						DevelopmentTeam = D6YP3BU88K;
					};
					65F4AF991A81C16B00947595 = {
						CreatedOnToolsVersion = 6.1.1;
						DevelopmentTeam = D6YP3BU88K;
						TestTargetID = 65F4AF841A81C16B00947595;
					};
				};
			};
			buildConfigurationList = 65F4AF801A81C16B00947595 /* Build configuration list for PBXProject "SlotMachine" */;
			compatibilityVersion = "Xcode 3.2";
			developmentRegion = English;
			hasScannedForEncodings = 0;
			knownRegions = (
				en,
				Base,
			);
			mainGroup = 65F4AF7C1A81C16B00947595;
			productRefGroup = 65F4AF861A81C16B00947595 /* Products */;
			projectDirPath = "";
			projectRoot = "";
			targets = (
				65F4AF841A81C16B00947595 /* SlotMachine */,
				65F4AF991A81C16B00947595 /* SlotMachineTests */,
			);
		};
/* End PBXProject section */

/* Begin PBXResourcesBuildPhase section */
		65F4AF831A81C16B00947595 /* Resources */ = {
			isa = PBXResourcesBuildPhase;
			buildActionMask = 2147483647;
			files = (
				65F4AF901A81C16B00947595 /* Main.storyboard in Resources */,
				65F4AF951A81C16B00947595 /* LaunchScreen.xib in Resources */,
				65F4AF921A81C16B00947595 /* Images.xcassets in Resources */,
			);
			runOnlyForDeploymentPostprocessing = 0;
		};
		65F4AF981A81C16B00947595 /* Resources */ = {
			isa = PBXResourcesBuildPhase;
			buildActionMask = 2147483647;
			files = (
			);
			runOnlyForDeploymentPostprocessing = 0;
		};
/* End PBXResourcesBuildPhase section */

/* Begin PBXSourcesBuildPhase section */
		65F4AF811A81C16B00947595 /* Sources */ = {
			isa = PBXSourcesBuildPhase;
			buildActionMask = 2147483647;
			files = (
				656F300A1A83216F00B28672 /* Factory.swift in Sources */,
				65F4AF8D1A81C16B00947595 /* ViewController.swift in Sources */,
				656F30081A83209400B28672 /* Slot.swift in Sources */,
				65F4AF8B1A81C16B00947595 /* AppDelegate.swift in Sources */,
				656F300C1A83341900B28672 /* SlotBrain.swift in Sources */,
			);
			runOnlyForDeploymentPostprocessing = 0;
		};
		65F4AF961A81C16B00947595 /* Sources */ = {
			isa = PBXSourcesBuildPhase;
			buildActionMask = 2147483647;
			files = (
				65F4AFA11A81C16B00947595 /* SlotMachineTests.swift in Sources */,
			);
			runOnlyForDeploymentPostprocessing = 0;
		};
/* End PBXSourcesBuildPhase section */

/* Begin PBXTargetDependency section */
		65F4AF9C1A81C16B00947595 /* PBXTargetDependency */ = {
			isa = PBXTargetDependency;
			target = 65F4AF841A81C16B00947595 /* SlotMachine */;
			targetProxy = 65F4AF9B1A81C16B00947595 /* PBXContainerItemProxy */;
		};
/* End PBXTargetDependency section */

/* Begin PBXVariantGroup section */
		65F4AF8E1A81C16B00947595 /* Main.storyboard */ = {
			isa = PBXVariantGroup;
			children = (
				65F4AF8F1A81C16B00947595 /* Base */,
			);
			name = Main.storyboard;
			sourceTree = "<group>";
		};
		65F4AF931A81C16B00947595 /* LaunchScreen.xib */ = {
			isa = PBXVariantGroup;
			children = (
				65F4AF941A81C16B00947595 /* Base */,
			);
			name = LaunchScreen.xib;
			sourceTree = "<group>";
		};
/* End PBXVariantGroup section */

/* Begin XCBuildConfiguration section */
		65F4AFA21A81C16B00947595 /* Debug */ = {
			isa = XCBuildConfiguration;
			buildSettings = {
				ALWAYS_SEARCH_USER_PATHS = NO;
				CLANG_CXX_LANGUAGE_STANDARD = "gnu++0x";
				CLANG_CXX_LIBRARY = "libc++";
				CLANG_ENABLE_MODULES = YES;
				CLANG_ENABLE_OBJC_ARC = YES;
				CLANG_WARN_BOOL_CONVERSION = YES;
				CLANG_WARN_CONSTANT_CONVERSION = YES;
				CLANG_WARN_DIRECT_OBJC_ISA_USAGE = YES_ERROR;
				CLANG_WARN_EMPTY_BODY = YES;
				CLANG_WARN_ENUM_CONVERSION = YES;
				CLANG_WARN_INT_CONVERSION = YES;
				CLANG_WARN_OBJC_ROOT_CLASS = YES_ERROR;
				CLANG_WARN_UNREACHABLE_CODE = YES;
				CLANG_WARN__DUPLICATE_METHOD_MATCH = YES;
				"CODE_SIGN_IDENTITY[sdk=iphoneos*]" = "iPhone Developer";
				COPY_PHASE_STRIP = NO;
				ENABLE_STRICT_OBJC_MSGSEND = YES;
				GCC_C_LANGUAGE_STANDARD = gnu99;
				GCC_DYNAMIC_NO_PIC = NO;
				GCC_OPTIMIZATION_LEVEL = 0;
				GCC_PREPROCESSOR_DEFINITIONS = (
					"DEBUG=1",
					"$(inherited)",
				);
				GCC_SYMBOLS_PRIVATE_EXTERN = NO;
				GCC_WARN_64_TO_32_BIT_CONVERSION = YES;
				GCC_WARN_ABOUT_RETURN_TYPE = YES_ERROR;
				GCC_WARN_UNDECLARED_SELECTOR = YES;
				GCC_WARN_UNINITIALIZED_AUTOS = YES_AGGRESSIVE;
				GCC_WARN_UNUSED_FUNCTION = YES;
				GCC_WARN_UNUSED_VARIABLE = YES;
				IPHONEOS_DEPLOYMENT_TARGET = 8.1;
				MTL_ENABLE_DEBUG_INFO = YES;
				ONLY_ACTIVE_ARCH = YES;
				SDKROOT = iphoneos;
				SWIFT_OPTIMIZATION_LEVEL = "-Onone";
				TARGETED_DEVICE_FAMILY = "1,2";
			};
			name = Debug;
		};
		65F4AFA31A81C16B00947595 /* Release */ = {
			isa = XCBuildConfiguration;
			buildSettings = {
				ALWAYS_SEARCH_USER_PATHS = NO;
				CLANG_CXX_LANGUAGE_STANDARD = "gnu++0x";
				CLANG_CXX_LIBRARY = "libc++";
				CLANG_ENABLE_MODULES = YES;
				CLANG_ENABLE_OBJC_ARC = YES;
				CLANG_WARN_BOOL_CONVERSION = YES;
				CLANG_WARN_CONSTANT_CONVERSION = YES;
				CLANG_WARN_DIRECT_OBJC_ISA_USAGE = YES_ERROR;
				CLANG_WARN_EMPTY_BODY = YES;
				CLANG_WARN_ENUM_CONVERSION = YES;
				CLANG_WARN_INT_CONVERSION = YES;
				CLANG_WARN_OBJC_ROOT_CLASS = YES_ERROR;
				CLANG_WARN_UNREACHABLE_CODE = YES;
				CLANG_WARN__DUPLICATE_METHOD_MATCH = YES;
				"CODE_SIGN_IDENTITY[sdk=iphoneos*]" = "iPhone Developer";
				COPY_PHASE_STRIP = YES;
				ENABLE_NS_ASSERTIONS = NO;
				ENABLE_STRICT_OBJC_MSGSEND = YES;
				GCC_C_LANGUAGE_STANDARD = gnu99;
				GCC_WARN_64_TO_32_BIT_CONVERSION = YES;
				GCC_WARN_ABOUT_RETURN_TYPE = YES_ERROR;
				GCC_WARN_UNDECLARED_SELECTOR = YES;
				GCC_WARN_UNINITIALIZED_AUTOS = YES_AGGRESSIVE;
				GCC_WARN_UNUSED_FUNCTION = YES;
				GCC_WARN_UNUSED_VARIABLE = YES;
				IPHONEOS_DEPLOYMENT_TARGET = 8.1;
				MTL_ENABLE_DEBUG_INFO = NO;
				SDKROOT = iphoneos;
				TARGETED_DEVICE_FAMILY = "1,2";
				VALIDATE_PRODUCT = YES;
			};
			name = Release;
		};
		65F4AFA51A81C16B00947595 /* Debug */ = {
			isa = XCBuildConfiguration;
			buildSettings = {
				ASSETCATALOG_COMPILER_APPICON_NAME = AppIcon;
				INFOPLIST_FILE = SlotMachine/Info.plist;
				LD_RUNPATH_SEARCH_PATHS = "$(inherited) @executable_path/Frameworks";
				PRODUCT_NAME = "$(TARGET_NAME)";
			};
			name = Debug;
		};
		65F4AFA61A81C16B00947595 /* Release */ = {
			isa = XCBuildConfiguration;
			buildSettings = {
				ASSETCATALOG_COMPILER_APPICON_NAME = AppIcon;
				INFOPLIST_FILE = SlotMachine/Info.plist;
				LD_RUNPATH_SEARCH_PATHS = "$(inherited) @executable_path/Frameworks";
				PRODUCT_NAME = "$(TARGET_NAME)";
			};
			name = Release;
		};
		65F4AFA81A81C16B00947595 /* Debug */ = {
			isa = XCBuildConfiguration;
			buildSettings = {
				BUNDLE_LOADER = "$(TEST_HOST)";
				CODE_SIGN_IDENTITY = "iPhone Developer";
				"CODE_SIGN_IDENTITY[sdk=iphoneos*]" = "iPhone Developer";
				FRAMEWORK_SEARCH_PATHS = (
					"$(SDKROOT)/Developer/Library/Frameworks",
					"$(inherited)",
				);
				GCC_PREPROCESSOR_DEFINITIONS = (
					"DEBUG=1",
					"$(inherited)",
				);
				INFOPLIST_FILE = SlotMachineTests/Info.plist;
				LD_RUNPATH_SEARCH_PATHS = "$(inherited) @executable_path/Frameworks @loader_path/Frameworks";
				PRODUCT_NAME = "$(TARGET_NAME)";
				PROVISIONING_PROFILE = "";
				TEST_HOST = "$(BUILT_PRODUCTS_DIR)/SlotMachine.app/SlotMachine";
			};
			name = Debug;
		};
		65F4AFA91A81C16B00947595 /* Release */ = {
			isa = XCBuildConfiguration;
			buildSettings = {
				BUNDLE_LOADER = "$(TEST_HOST)";
				CODE_SIGN_IDENTITY = "iPhone Developer";
				"CODE_SIGN_IDENTITY[sdk=iphoneos*]" = "iPhone Developer";
				FRAMEWORK_SEARCH_PATHS = (
					"$(SDKROOT)/Developer/Library/Frameworks",
					"$(inherited)",
				);
				INFOPLIST_FILE = SlotMachineTests/Info.plist;
				LD_RUNPATH_SEARCH_PATHS = "$(inherited) @executable_path/Frameworks @loader_path/Frameworks";
				PRODUCT_NAME = "$(TARGET_NAME)";
				PROVISIONING_PROFILE = "";
				TEST_HOST = "$(BUILT_PRODUCTS_DIR)/SlotMachine.app/SlotMachine";
			};
			name = Release;
		};
/* End XCBuildConfiguration section */

/* Begin XCConfigurationList section */
		65F4AF801A81C16B00947595 /* Build configuration list for PBXProject "SlotMachine" */ = {
			isa = XCConfigurationList;
			buildConfigurations = (
				65F4AFA21A81C16B00947595 /* Debug */,
				65F4AFA31A81C16B00947595 /* Release */,
			);
			defaultConfigurationIsVisible = 0;
			defaultConfigurationName = Release;
		};
		65F4AFA41A81C16B00947595 /* Build configuration list for PBXNativeTarget "SlotMachine" */ = {
			isa = XCConfigurationList;
			buildConfigurations = (
				65F4AFA51A81C16B00947595 /* Debug */,
				65F4AFA61A81C16B00947595 /* Release */,
			);
			defaultConfigurationIsVisible = 0;
			defaultConfigurationName = Release;
		};
		65F4AFA71A81C16B00947595 /* Build configuration list for PBXNativeTarget "SlotMachineTests" */ = {
			isa = XCConfigurationList;
			buildConfigurations = (
				65F4AFA81A81C16B00947595 /* Debug */,
				65F4AFA91A81C16B00947595 /* Release */,
			);
			defaultConfigurationIsVisible = 0;
			defaultConfigurationName = Release;
		};
/* End XCConfigurationList section */
	};
	rootObject = 65F4AF7D1A81C16B00947595 /* Project object */;
}
